
Microsoft Visual Studio Solution File, Format Version 12.00
# Visual Studio Version 17
VisualStudioVersion = 17.8.34330.188
MinimumVisualStudioVersion = 10.0.40219.1
Project("{FAE04EC0-301F-11D3-BF4B-00C04F79EFBC}") = "WpfSingleInstance", "WpfSingleInstance\WpfSingleInstance.csproj", "{9D0753E1-A617-448C-B530-47F472E4F24A}"
EndProject
Global
	GlobalSection(SolutionConfigurationPlatforms) = preSolution
		Debug|Any CPU = Debug|Any CPU
		Release|Any CPU = Release|Any CPU
	EndGlobalSection
	GlobalSection(ProjectConfigurationPlatforms) = postSolution
		{9D0753E1-A617-448C-B530-47F472E4F24A}.Debug|Any CPU.ActiveCfg = Debug|Any CPU
		{9D0753E1-A617-448C-B530-47F472E4F24A}.Debug|Any CPU.Build.0 = Debug|Any CPU
		{9D0753E1-A617-448C-B530-47F472E4F24A}.Release|Any CPU.ActiveCfg = Release|Any CPU
		{9D0753E1-A617-448C-B530-47F472E4F24A}.Release|Any CPU.Build.0 = Release|Any CPU
	EndGlobalSection
	GlobalSection(SolutionProperties) = preSolution
		HideSolutionNode = FALSE
	EndGlobalSection
	GlobalSection(ExtensibilityGlobals) = postSolution
		SolutionGuid = {6A4F85BD-D130-45BF-8870-ACB63935D615}
	EndGlobalSection
EndGlobal
